{
  "version": "5",
  "specifiers": {
    "jsr:@hono/hono@^4.12.14": "4.12.14"
  },
  "jsr": {
    "@hono/hono@4.12.14": {
      "integrity": "4eedba4b53f27c8e0db683d515e11ec3b88b8fdc1748e229cd7988d243ca018d"
    }
  },
  "workspace": {
    "dependencies": [
      "jsr:@hono/hono@^4.12.14"
    ]
  }
}
